
Microsoft Visual Studio Solution File, Format Version 12.00
# Visual Studio Version 17
VisualStudioVersion = 17.14.36930.0 d17.14
MinimumVisualStudioVersion = 10.0.40219.1
Project("{FAE04EC0-301F-11D3-BF4B-00C04F79EFBC}") = "TrainCoreDiplom", "TrainCoreDiplom\TrainCoreDiplom.csproj", "{4DE22E23-D609-43AF-BCC8-D6C67D60EE6F}"
EndProject
Global
	GlobalSection(SolutionConfigurationPlatforms) = preSolution
		Debug|Any CPU = Debug|Any CPU
		Release|Any CPU = Release|Any CPU
	EndGlobalSection
	GlobalSection(ProjectConfigurationPlatforms) = postSolution
		{4DE22E23-D609-43AF-BCC8-D6C67D60EE6F}.Debug|Any CPU.ActiveCfg = Debug|Any CPU
		{4DE22E23-D609-43AF-BCC8-D6C67D60EE6F}.Debug|Any CPU.Build.0 = Debug|Any CPU
		{4DE22E23-D609-43AF-BCC8-D6C67D60EE6F}.Release|Any CPU.ActiveCfg = Release|Any CPU
		{4DE22E23-D609-43AF-BCC8-D6C67D60EE6F}.Release|Any CPU.Build.0 = Release|Any CPU
	EndGlobalSection
	GlobalSection(SolutionProperties) = preSolution
		HideSolutionNode = FALSE
	EndGlobalSection
	GlobalSection(ExtensibilityGlobals) = postSolution
		SolutionGuid = {45FED701-FBD7-4765-AD1D-46E06B168DC0}
	EndGlobalSection
EndGlobal
